
Microsoft Visual Studio Solution File, Format Version 10.00
# Visual Studio 2008
Project("{8BC9CEB8-8B4A-11D0-8D11-00A0C91BC942}") = "nvapi_example", "nvapi_example.vcproj", "{051F81EC-8D0F-46EC-8C4C-3816A2402B7E}"
EndProject
Project("{8BC9CEB8-8B4A-11D0-8D11-00A0C91BC942}") = "nvapi", "..\3rdparty\nvapi\nvapi.vcproj", "{C3B5DFB1-0FA2-492C-B8B5-086B4C9CCDCB}"
EndProject
Global
	GlobalSection(SolutionConfigurationPlatforms) = preSolution
		Debug|Win32 = Debug|Win32
		Debug|x64 = Debug|x64
		Release|Win32 = Release|Win32
		Release|x64 = Release|x64
	EndGlobalSection
	GlobalSection(ProjectConfigurationPlatforms) = postSolution
		{051F81EC-8D0F-46EC-8C4C-3816A2402B7E}.Debug|Win32.ActiveCfg = Debug|Win32
		{051F81EC-8D0F-46EC-8C4C-3816A2402B7E}.Debug|Win32.Build.0 = Debug|Win32
		{051F81EC-8D0F-46EC-8C4C-3816A2402B7E}.Debug|x64.ActiveCfg = Debug|x64
		{051F81EC-8D0F-46EC-8C4C-3816A2402B7E}.Debug|x64.Build.0 = Debug|x64
		{051F81EC-8D0F-46EC-8C4C-3816A2402B7E}.Release|Win32.ActiveCfg = Release|Win32
		{051F81EC-8D0F-46EC-8C4C-3816A2402B7E}.Release|Win32.Build.0 = Release|Win32
		{051F81EC-8D0F-46EC-8C4C-3816A2402B7E}.Release|x64.ActiveCfg = Release|Win32
		{C3B5DFB1-0FA2-492C-B8B5-086B4C9CCDCB}.Debug|Win32.ActiveCfg = Debug|Win32
		{C3B5DFB1-0FA2-492C-B8B5-086B4C9CCDCB}.Debug|Win32.Build.0 = Debug|Win32
		{C3B5DFB1-0FA2-492C-B8B5-086B4C9CCDCB}.Debug|x64.ActiveCfg = Debug|x64
		{C3B5DFB1-0FA2-492C-B8B5-086B4C9CCDCB}.Debug|x64.Build.0 = Debug|x64
		{C3B5DFB1-0FA2-492C-B8B5-086B4C9CCDCB}.Release|Win32.ActiveCfg = Release|Win32
		{C3B5DFB1-0FA2-492C-B8B5-086B4C9CCDCB}.Release|Win32.Build.0 = Release|Win32
		{C3B5DFB1-0FA2-492C-B8B5-086B4C9CCDCB}.Release|x64.ActiveCfg = Release|x64
		{C3B5DFB1-0FA2-492C-B8B5-086B4C9CCDCB}.Release|x64.Build.0 = Release|x64
	EndGlobalSection
	GlobalSection(SolutionProperties) = preSolution
		HideSolutionNode = FALSE
	EndGlobalSection
EndGlobal
